// !$*UTF8*$!
{
	archiveVersion = 1;
	classes = {
	};
	objectVersion = 55;
	objects = {

/* Begin PBXBuildFile section */
		9A236C73286CD0910003EAD6 /* CurrentViewModel.swift in Sources */ = {isa = PBXBuildFile; fileRef = 9A236C72286CD0910003EAD6 /* CurrentViewModel.swift */; };
		9A3B700C286C9CDC002217B3 /* OpenWeatherAPI.swift in Sources */ = {isa = PBXBuildFile; fileRef = 9A3B700B286C9CDC002217B3 /* OpenWeatherAPI.swift */; };
		9A3B7010286C9D39002217B3 /* API.swift in Sources */ = {isa = PBXBuildFile; fileRef = 9A3B700F286C9D39002217B3 /* API.swift */; };
		9A3B7012286CA28A002217B3 /* NetworkManager.swift in Sources */ = {isa = PBXBuildFile; fileRef = 9A3B7011286CA28A002217B3 /* NetworkManager.swift */; };
		9A3B7014286CA7AC002217B3 /* WeatherResponse.swift in Sources */ = {isa = PBXBuildFile; fileRef = 9A3B7013286CA7AC002217B3 /* WeatherResponse.swift */; };
		9ABEA867286B863D00F9A825 /* AppDelegate.swift in Sources */ = {isa = PBXBuildFile; fileRef = 9ABEA866286B863D00F9A825 /* AppDelegate.swift */; };
		9ABEA869286B863D00F9A825 /* SceneDelegate.swift in Sources */ = {isa = PBXBuildFile; fileRef = 9ABEA868286B863D00F9A825 /* SceneDelegate.swift */; };
		9ABEA86B286B863D00F9A825 /* ViewController.swift in Sources */ = {isa = PBXBuildFile; fileRef = 9ABEA86A286B863D00F9A825 /* ViewController.swift */; };
		9ABEA86E286B863D00F9A825 /* Main.storyboard in Resources */ = {isa = PBXBuildFile; fileRef = 9ABEA86C286B863D00F9A825 /* Main.storyboard */; };
		9ABEA870286B863F00F9A825 /* Assets.xcassets in Resources */ = {isa = PBXBuildFile; fileRef = 9ABEA86F286B863F00F9A825 /* Assets.xcassets */; };
		9ABEA873286B863F00F9A825 /* LaunchScreen.storyboard in Resources */ = {isa = PBXBuildFile; fileRef = 9ABEA871286B863F00F9A825 /* LaunchScreen.storyboard */; };
		9ABEA87E286B864000F9A825 /* WeatherTrackerTests.swift in Sources */ = {isa = PBXBuildFile; fileRef = 9ABEA87D286B864000F9A825 /* WeatherTrackerTests.swift */; };
		9ABEA888286B864000F9A825 /* WeatherTrackerUITests.swift in Sources */ = {isa = PBXBuildFile; fileRef = 9ABEA887286B864000F9A825 /* WeatherTrackerUITests.swift */; };
		9ABEA88A286B864000F9A825 /* WeatherTrackerUITestsLaunchTests.swift in Sources */ = {isa = PBXBuildFile; fileRef = 9ABEA889286B864000F9A825 /* WeatherTrackerUITestsLaunchTests.swift */; };
/* End PBXBuildFile section */

/* Begin PBXContainerItemProxy section */
		9ABEA87A286B864000F9A825 /* PBXContainerItemProxy */ = {
			isa = PBXContainerItemProxy;
			containerPortal = 9ABEA85B286B863D00F9A825 /* Project object */;
			proxyType = 1;
			remoteGlobalIDString = 9ABEA862286B863D00F9A825;
			remoteInfo = WeatherTracker;
		};
		9ABEA884286B864000F9A825 /* PBXContainerItemProxy */ = {
			isa = PBXContainerItemProxy;
			containerPortal = 9ABEA85B286B863D00F9A825 /* Project object */;
			proxyType = 1;
			remoteGlobalIDString = 9ABEA862286B863D00F9A825;
			remoteInfo = WeatherTracker;
		};
/* End PBXContainerItemProxy section */

/* Begin PBXFileReference section */
		9A236C72286CD0910003EAD6 /* CurrentViewModel.swift */ = {isa = PBXFileReference; lastKnownFileType = sourcecode.swift; path = CurrentViewModel.swift; sourceTree = "<group>"; };
		9A3B700B286C9CDC002217B3 /* OpenWeatherAPI.swift */ = {isa = PBXFileReference; lastKnownFileType = sourcecode.swift; path = OpenWeatherAPI.swift; sourceTree = "<group>"; };
		9A3B700F286C9D39002217B3 /* API.swift */ = {isa = PBXFileReference; lastKnownFileType = sourcecode.swift; path = API.swift; sourceTree = "<group>"; };
		9A3B7011286CA28A002217B3 /* NetworkManager.swift */ = {isa = PBXFileReference; lastKnownFileType = sourcecode.swift; path = NetworkManager.swift; sourceTree = "<group>"; };
		9A3B7013286CA7AC002217B3 /* WeatherResponse.swift */ = {isa = PBXFileReference; lastKnownFileType = sourcecode.swift; path = WeatherResponse.swift; sourceTree = "<group>"; };
		9ABEA863286B863D00F9A825 /* WeatherTracker.app */ = {isa = PBXFileReference; explicitFileType = wrapper.application; includeInIndex = 0; path = WeatherTracker.app; sourceTree = BUILT_PRODUCTS_DIR; };
		9ABEA866286B863D00F9A825 /* AppDelegate.swift */ = {isa = PBXFileReference; lastKnownFileType = sourcecode.swift; path = AppDelegate.swift; sourceTree = "<group>"; };
		9ABEA868286B863D00F9A825 /* SceneDelegate.swift */ = {isa = PBXFileReference; lastKnownFileType = sourcecode.swift; path = SceneDelegate.swift; sourceTree = "<group>"; };
		9ABEA86A286B863D00F9A825 /* ViewController.swift */ = {isa = PBXFileReference; lastKnownFileType = sourcecode.swift; path = ViewController.swift; sourceTree = "<group>"; };
		9ABEA86D286B863D00F9A825 /* Base */ = {isa = PBXFileReference; lastKnownFileType = file.storyboard; name = Base; path = Base.lproj/Main.storyboard; sourceTree = "<group>"; };
		9ABEA86F286B863F00F9A825 /* Assets.xcassets */ = {isa = PBXFileReference; lastKnownFileType = folder.assetcatalog; path = Assets.xcassets; sourceTree = "<group>"; };
		9ABEA872286B863F00F9A825 /* Base */ = {isa = PBXFileReference; lastKnownFileType = file.storyboard; name = Base; path = Base.lproj/LaunchScreen.storyboard; sourceTree = "<group>"; };
		9ABEA874286B863F00F9A825 /* Info.plist */ = {isa = PBXFileReference; lastKnownFileType = text.plist.xml; path = Info.plist; sourceTree = "<group>"; };
		9ABEA879286B864000F9A825 /* WeatherTrackerTests.xctest */ = {isa = PBXFileReference; explicitFileType = wrapper.cfbundle; includeInIndex = 0; path = WeatherTrackerTests.xctest; sourceTree = BUILT_PRODUCTS_DIR; };
		9ABEA87D286B864000F9A825 /* WeatherTrackerTests.swift */ = {isa = PBXFileReference; lastKnownFileType = sourcecode.swift; path = WeatherTrackerTests.swift; sourceTree = "<group>"; };
		9ABEA883286B864000F9A825 /* WeatherTrackerUITests.xctest */ = {isa = PBXFileReference; explicitFileType = wrapper.cfbundle; includeInIndex = 0; path = WeatherTrackerUITests.xctest; sourceTree = BUILT_PRODUCTS_DIR; };
		9ABEA887286B864000F9A825 /* WeatherTrackerUITests.swift */ = {isa = PBXFileReference; lastKnownFileType = sourcecode.swift; path = WeatherTrackerUITests.swift; sourceTree = "<group>"; };
		9ABEA889286B864000F9A825 /* WeatherTrackerUITestsLaunchTests.swift */ = {isa = PBXFileReference; lastKnownFileType = sourcecode.swift; path = WeatherTrackerUITestsLaunchTests.swift; sourceTree = "<group>"; };
/* End PBXFileReference section */

/* Begin PBXFrameworksBuildPhase section */
		9ABEA860286B863D00F9A825 /* Frameworks */ = {
			isa = PBXFrameworksBuildPhase;
			buildActionMask = 2147483647;
			files = (
			);
			runOnlyForDeploymentPostprocessing = 0;
		};
		9ABEA876286B864000F9A825 /* Frameworks */ = {
			isa = PBXFrameworksBuildPhase;
			buildActionMask = 2147483647;
			files = (
			);
			runOnlyForDeploymentPostprocessing = 0;
		};
		9ABEA880286B864000F9A825 /* Frameworks */ = {
			isa = PBXFrameworksBuildPhase;
			buildActionMask = 2147483647;
			files = (
			);
			runOnlyForDeploymentPostprocessing = 0;
		};
/* End PBXFrameworksBuildPhase section */

/* Begin PBXGroup section */
		9A3B7006286C9752002217B3 /* Networking */ = {
			isa = PBXGroup;
			children = (
				9A3B700F286C9D39002217B3 /* API.swift */,
				9A3B700B286C9CDC002217B3 /* OpenWeatherAPI.swift */,
				9A3B7011286CA28A002217B3 /* NetworkManager.swift */,
			);
			path = Networking;
			sourceTree = "<group>";
		};
		9A3B7007286C9762002217B3 /* Models */ = {
			isa = PBXGroup;
			children = (
				9A3B7013286CA7AC002217B3 /* WeatherResponse.swift */,
			);
			path = Models;
			sourceTree = "<group>";
		};
		9A3B7008286C976F002217B3 /* Views */ = {
			isa = PBXGroup;
			children = (
				9ABEA86A286B863D00F9A825 /* ViewController.swift */,
			);
			path = Views;
			sourceTree = "<group>";
		};
		9A3B7009286C9774002217B3 /* ViewModels */ = {
			isa = PBXGroup;
			children = (
				9A236C72286CD0910003EAD6 /* CurrentViewModel.swift */,
			);
			path = ViewModels;
			sourceTree = "<group>";
		};
		9A3B700A286C9779002217B3 /* LottieAnimations */ = {
			isa = PBXGroup;
			children = (
			);
			path = LottieAnimations;
			sourceTree = "<group>";
		};
		9ABEA85A286B863D00F9A825 = {
			isa = PBXGroup;
			children = (
				9ABEA865286B863D00F9A825 /* WeatherTracker */,
				9ABEA87C286B864000F9A825 /* WeatherTrackerTests */,
				9ABEA886286B864000F9A825 /* WeatherTrackerUITests */,
				9ABEA864286B863D00F9A825 /* Products */,
			);
			sourceTree = "<group>";
		};
		9ABEA864286B863D00F9A825 /* Products */ = {
			isa = PBXGroup;
			children = (
				9ABEA863286B863D00F9A825 /* WeatherTracker.app */,
				9ABEA879286B864000F9A825 /* WeatherTrackerTests.xctest */,
				9ABEA883286B864000F9A825 /* WeatherTrackerUITests.xctest */,
			);
			name = Products;
			sourceTree = "<group>";
		};
		9ABEA865286B863D00F9A825 /* WeatherTracker */ = {
			isa = PBXGroup;
			children = (
				9A3B700A286C9779002217B3 /* LottieAnimations */,
				9A3B7009286C9774002217B3 /* ViewModels */,
				9A3B7008286C976F002217B3 /* Views */,
				9A3B7007286C9762002217B3 /* Models */,
				9A3B7006286C9752002217B3 /* Networking */,
				9ABEA866286B863D00F9A825 /* AppDelegate.swift */,
				9ABEA868286B863D00F9A825 /* SceneDelegate.swift */,
				9ABEA86C286B863D00F9A825 /* Main.storyboard */,
				9ABEA86F286B863F00F9A825 /* Assets.xcassets */,
				9ABEA871286B863F00F9A825 /* LaunchScreen.storyboard */,
				9ABEA874286B863F00F9A825 /* Info.plist */,
			);
			path = WeatherTracker;
			sourceTree = "<group>";
		};
		9ABEA87C286B864000F9A825 /* WeatherTrackerTests */ = {
			isa = PBXGroup;
			children = (
				9ABEA87D286B864000F9A825 /* WeatherTrackerTests.swift */,
			);
			path = WeatherTrackerTests;
			sourceTree = "<group>";
		};
		9ABEA886286B864000F9A825 /* WeatherTrackerUITests */ = {
			isa = PBXGroup;
			children = (
				9ABEA887286B864000F9A825 /* WeatherTrackerUITests.swift */,
				9ABEA889286B864000F9A825 /* WeatherTrackerUITestsLaunchTests.swift */,
			);
			path = WeatherTrackerUITests;
			sourceTree = "<group>";
		};
/* End PBXGroup section */

/* Begin PBXNativeTarget section */
		9ABEA862286B863D00F9A825 /* WeatherTracker */ = {
			isa = PBXNativeTarget;
			buildConfigurationList = 9ABEA88D286B864000F9A825 /* Build configuration list for PBXNativeTarget "WeatherTracker" */;
			buildPhases = (
				9ABEA85F286B863D00F9A825 /* Sources */,
				9ABEA860286B863D00F9A825 /* Frameworks */,
				9ABEA861286B863D00F9A825 /* Resources */,
			);
			buildRules = (
			);
			dependencies = (
			);
			name = WeatherTracker;
			productName = WeatherTracker;
			productReference = 9ABEA863286B863D00F9A825 /* WeatherTracker.app */;
			productType = "com.apple.product-type.application";
		};
		9ABEA878286B864000F9A825 /* WeatherTrackerTests */ = {
			isa = PBXNativeTarget;
			buildConfigurationList = 9ABEA890286B864000F9A825 /* Build configuration list for PBXNativeTarget "WeatherTrackerTests" */;
			buildPhases = (
				9ABEA875286B864000F9A825 /* Sources */,
				9ABEA876286B864000F9A825 /* Frameworks */,
				9ABEA877286B864000F9A825 /* Resources */,
			);
			buildRules = (
			);
			dependencies = (
				9ABEA87B286B864000F9A825 /* PBXTargetDependency */,
			);
			name = WeatherTrackerTests;
			productName = WeatherTrackerTests;
			productReference = 9ABEA879286B864000F9A825 /* WeatherTrackerTests.xctest */;
			productType = "com.apple.product-type.bundle.unit-test";
		};
		9ABEA882286B864000F9A825 /* WeatherTrackerUITests */ = {
			isa = PBXNativeTarget;
			buildConfigurationList = 9ABEA893286B864000F9A825 /* Build configuration list for PBXNativeTarget "WeatherTrackerUITests" */;
			buildPhases = (
				9ABEA87F286B864000F9A825 /* Sources */,
				9ABEA880286B864000F9A825 /* Frameworks */,
				9ABEA881286B864000F9A825 /* Resources */,
			);
			buildRules = (
			);
			dependencies = (
				9ABEA885286B864000F9A825 /* PBXTargetDependency */,
			);
			name = WeatherTrackerUITests;
			productName = WeatherTrackerUITests;
			productReference = 9ABEA883286B864000F9A825 /* WeatherTrackerUITests.xctest */;
			productType = "com.apple.product-type.bundle.ui-testing";
		};
/* End PBXNativeTarget section */

/* Begin PBXProject section */
		9ABEA85B286B863D00F9A825 /* Project object */ = {
			isa = PBXProject;
			attributes = {
				BuildIndependentTargetsInParallel = 1;
				LastSwiftUpdateCheck = 1340;
				LastUpgradeCheck = 1340;
				TargetAttributes = {
					9ABEA862286B863D00F9A825 = {
						CreatedOnToolsVersion = 13.4.1;
					};
					9ABEA878286B864000F9A825 = {
						CreatedOnToolsVersion = 13.4.1;
						TestTargetID = 9ABEA862286B863D00F9A825;
					};
					9ABEA882286B864000F9A825 = {
						CreatedOnToolsVersion = 13.4.1;
						TestTargetID = 9ABEA862286B863D00F9A825;
					};
				};
			};
			buildConfigurationList = 9ABEA85E286B863D00F9A825 /* Build configuration list for PBXProject "WeatherTracker" */;
			compatibilityVersion = "Xcode 13.0";
			developmentRegion = en;
			hasScannedForEncodings = 0;
			knownRegions = (
				en,
				Base,
			);
			mainGroup = 9ABEA85A286B863D00F9A825;
			productRefGroup = 9ABEA864286B863D00F9A825 /* Products */;
			projectDirPath = "";
			projectRoot = "";
			targets = (
				9ABEA862286B863D00F9A825 /* WeatherTracker */,
				9ABEA878286B864000F9A825 /* WeatherTrackerTests */,
				9ABEA882286B864000F9A825 /* WeatherTrackerUITests */,
			);
		};
/* End PBXProject section */

/* Begin PBXResourcesBuildPhase section */
		9ABEA861286B863D00F9A825 /* Resources */ = {
			isa = PBXResourcesBuildPhase;
			buildActionMask = 2147483647;
			files = (
				9ABEA873286B863F00F9A825 /* LaunchScreen.storyboard in Resources */,
				9ABEA870286B863F00F9A825 /* Assets.xcassets in Resources */,
				9ABEA86E286B863D00F9A825 /* Main.storyboard in Resources */,
			);
			runOnlyForDeploymentPostprocessing = 0;
		};
		9ABEA877286B864000F9A825 /* Resources */ = {
			isa = PBXResourcesBuildPhase;
			buildActionMask = 2147483647;
			files = (
			);
			runOnlyForDeploymentPostprocessing = 0;
		};
		9ABEA881286B864000F9A825 /* Resources */ = {
			isa = PBXResourcesBuildPhase;
			buildActionMask = 2147483647;
			files = (
			);
			runOnlyForDeploymentPostprocessing = 0;
		};
/* End PBXResourcesBuildPhase section */

/* Begin PBXSourcesBuildPhase section */
		9ABEA85F286B863D00F9A825 /* Sources */ = {
			isa = PBXSourcesBuildPhase;
			buildActionMask = 2147483647;
			files = (
				9A236C73286CD0910003EAD6 /* CurrentViewModel.swift in Sources */,
				9A3B7012286CA28A002217B3 /* NetworkManager.swift in Sources */,
				9ABEA86B286B863D00F9A825 /* ViewController.swift in Sources */,
				9ABEA867286B863D00F9A825 /* AppDelegate.swift in Sources */,
				9A3B7014286CA7AC002217B3 /* WeatherResponse.swift in Sources */,
				9ABEA869286B863D00F9A825 /* SceneDelegate.swift in Sources */,
				9A3B700C286C9CDC002217B3 /* OpenWeatherAPI.swift in Sources */,
				9A3B7010286C9D39002217B3 /* API.swift in Sources */,
			);
			runOnlyForDeploymentPostprocessing = 0;
		};
		9ABEA875286B864000F9A825 /* Sources */ = {
			isa = PBXSourcesBuildPhase;
			buildActionMask = 2147483647;
			files = (
				9ABEA87E286B864000F9A825 /* WeatherTrackerTests.swift in Sources */,
			);
			runOnlyForDeploymentPostprocessing = 0;
		};
		9ABEA87F286B864000F9A825 /* Sources */ = {
			isa = PBXSourcesBuildPhase;
			buildActionMask = 2147483647;
			files = (
				9ABEA88A286B864000F9A825 /* WeatherTrackerUITestsLaunchTests.swift in Sources */,
				9ABEA888286B864000F9A825 /* WeatherTrackerUITests.swift in Sources */,
			);
			runOnlyForDeploymentPostprocessing = 0;
		};
/* End PBXSourcesBuildPhase section */

/* Begin PBXTargetDependency section */
		9ABEA87B286B864000F9A825 /* PBXTargetDependency */ = {
			isa = PBXTargetDependency;
			target = 9ABEA862286B863D00F9A825 /* WeatherTracker */;
			targetProxy = 9ABEA87A286B864000F9A825 /* PBXContainerItemProxy */;
		};
		9ABEA885286B864000F9A825 /* PBXTargetDependency */ = {
			isa = PBXTargetDependency;
			target = 9ABEA862286B863D00F9A825 /* WeatherTracker */;
			targetProxy = 9ABEA884286B864000F9A825 /* PBXContainerItemProxy */;
		};
/* End PBXTargetDependency section */

/* Begin PBXVariantGroup section */
		9ABEA86C286B863D00F9A825 /* Main.storyboard */ = {
			isa = PBXVariantGroup;
			children = (
				9ABEA86D286B863D00F9A825 /* Base */,
			);
			name = Main.storyboard;
			sourceTree = "<group>";
		};
		9ABEA871286B863F00F9A825 /* LaunchScreen.storyboard */ = {
			isa = PBXVariantGroup;
			children = (
				9ABEA872286B863F00F9A825 /* Base */,
			);
			name = LaunchScreen.storyboard;
			sourceTree = "<group>";
		};
/* End PBXVariantGroup section */

/* Begin XCBuildConfiguration section */
		9ABEA88B286B864000F9A825 /* Debug */ = {
			isa = XCBuildConfiguration;
			buildSettings = {
				ALWAYS_SEARCH_USER_PATHS = NO;
				CLANG_ANALYZER_NONNULL = YES;
				CLANG_ANALYZER_NUMBER_OBJECT_CONVERSION = YES_AGGRESSIVE;
				CLANG_CXX_LANGUAGE_STANDARD = "gnu++17";
				CLANG_ENABLE_MODULES = YES;
				CLANG_ENABLE_OBJC_ARC = YES;
				CLANG_ENABLE_OBJC_WEAK = YES;
				CLANG_WARN_BLOCK_CAPTURE_AUTORELEASING = YES;
				CLANG_WARN_BOOL_CONVERSION = YES;
				CLANG_WARN_COMMA = YES;
				CLANG_WARN_CONSTANT_CONVERSION = YES;
				CLANG_WARN_DEPRECATED_OBJC_IMPLEMENTATIONS = YES;
				CLANG_WARN_DIRECT_OBJC_ISA_USAGE = YES_ERROR;
				CLANG_WARN_DOCUMENTATION_COMMENTS = YES;
				CLANG_WARN_EMPTY_BODY = YES;
				CLANG_WARN_ENUM_CONVERSION = YES;
				CLANG_WARN_INFINITE_RECURSION = YES;
				CLANG_WARN_INT_CONVERSION = YES;
				CLANG_WARN_NON_LITERAL_NULL_CONVERSION = YES;
				CLANG_WARN_OBJC_IMPLICIT_RETAIN_SELF = YES;
				CLANG_WARN_OBJC_LITERAL_CONVERSION = YES;
				CLANG_WARN_OBJC_ROOT_CLASS = YES_ERROR;
				CLANG_WARN_QUOTED_INCLUDE_IN_FRAMEWORK_HEADER = YES;
				CLANG_WARN_RANGE_LOOP_ANALYSIS = YES;
				CLANG_WARN_STRICT_PROTOTYPES = YES;
				CLANG_WARN_SUSPICIOUS_MOVE = YES;
				CLANG_WARN_UNGUARDED_AVAILABILITY = YES_AGGRESSIVE;
				CLANG_WARN_UNREACHABLE_CODE = YES;
				CLANG_WARN__DUPLICATE_METHOD_MATCH = YES;
				COPY_PHASE_STRIP = NO;
				DEBUG_INFORMATION_FORMAT = dwarf;
				ENABLE_STRICT_OBJC_MSGSEND = YES;
				ENABLE_TESTABILITY = YES;
				GCC_C_LANGUAGE_STANDARD = gnu11;
				GCC_DYNAMIC_NO_PIC = NO;
				GCC_NO_COMMON_BLOCKS = YES;
				GCC_OPTIMIZATION_LEVEL = 0;
				GCC_PREPROCESSOR_DEFINITIONS = (
					"DEBUG=1",
					"$(inherited)",
				);
				GCC_WARN_64_TO_32_BIT_CONVERSION = YES;
				GCC_WARN_ABOUT_RETURN_TYPE = YES_ERROR;
				GCC_WARN_UNDECLARED_SELECTOR = YES;
				GCC_WARN_UNINITIALIZED_AUTOS = YES_AGGRESSIVE;
				GCC_WARN_UNUSED_FUNCTION = YES;
				GCC_WARN_UNUSED_VARIABLE = YES;
				IPHONEOS_DEPLOYMENT_TARGET = 15.5;
				MTL_ENABLE_DEBUG_INFO = INCLUDE_SOURCE;
				MTL_FAST_MATH = YES;
				ONLY_ACTIVE_ARCH = YES;
				SDKROOT = iphoneos;
				SWIFT_ACTIVE_COMPILATION_CONDITIONS = DEBUG;
				SWIFT_OPTIMIZATION_LEVEL = "-Onone";
			};
			name = Debug;
		};
		9ABEA88C286B864000F9A825 /* Release */ = {
			isa = XCBuildConfiguration;
			buildSettings = {
				ALWAYS_SEARCH_USER_PATHS = NO;
				CLANG_ANALYZER_NONNULL = YES;
				CLANG_ANALYZER_NUMBER_OBJECT_CONVERSION = YES_AGGRESSIVE;
				CLANG_CXX_LANGUAGE_STANDARD = "gnu++17";
				CLANG_ENABLE_MODULES = YES;
				CLANG_ENABLE_OBJC_ARC = YES;
				CLANG_ENABLE_OBJC_WEAK = YES;
				CLANG_WARN_BLOCK_CAPTURE_AUTORELEASING = YES;
				CLANG_WARN_BOOL_CONVERSION = YES;
				CLANG_WARN_COMMA = YES;
				CLANG_WARN_CONSTANT_CONVERSION = YES;
				CLANG_WARN_DEPRECATED_OBJC_IMPLEMENTATIONS = YES;
				CLANG_WARN_DIRECT_OBJC_ISA_USAGE = YES_ERROR;
				CLANG_WARN_DOCUMENTATION_COMMENTS = YES;
				CLANG_WARN_EMPTY_BODY = YES;
				CLANG_WARN_ENUM_CONVERSION = YES;
				CLANG_WARN_INFINITE_RECURSION = YES;
				CLANG_WARN_INT_CONVERSION = YES;
				CLANG_WARN_NON_LITERAL_NULL_CONVERSION = YES;
				CLANG_WARN_OBJC_IMPLICIT_RETAIN_SELF = YES;
				CLANG_WARN_OBJC_LITERAL_CONVERSION = YES;
				CLANG_WARN_OBJC_ROOT_CLASS = YES_ERROR;
				CLANG_WARN_QUOTED_INCLUDE_IN_FRAMEWORK_HEADER = YES;
				CLANG_WARN_RANGE_LOOP_ANALYSIS = YES;
				CLANG_WARN_STRICT_PROTOTYPES = YES;
				CLANG_WARN_SUSPICIOUS_MOVE = YES;
				CLANG_WARN_UNGUARDED_AVAILABILITY = YES_AGGRESSIVE;
				CLANG_WARN_UNREACHABLE_CODE = YES;
				CLANG_WARN__DUPLICATE_METHOD_MATCH = YES;
				COPY_PHASE_STRIP = NO;
				DEBUG_INFORMATION_FORMAT = "dwarf-with-dsym";
				ENABLE_NS_ASSERTIONS = NO;
				ENABLE_STRICT_OBJC_MSGSEND = YES;
				GCC_C_LANGUAGE_STANDARD = gnu11;
				GCC_NO_COMMON_BLOCKS = YES;
				GCC_WARN_64_TO_32_BIT_CONVERSION = YES;
				GCC_WARN_ABOUT_RETURN_TYPE = YES_ERROR;
				GCC_WARN_UNDECLARED_SELECTOR = YES;
				GCC_WARN_UNINITIALIZED_AUTOS = YES_AGGRESSIVE;
				GCC_WARN_UNUSED_FUNCTION = YES;
				GCC_WARN_UNUSED_VARIABLE = YES;
				IPHONEOS_DEPLOYMENT_TARGET = 15.5;
				MTL_ENABLE_DEBUG_INFO = NO;
				MTL_FAST_MATH = YES;
				SDKROOT = iphoneos;
				SWIFT_COMPILATION_MODE = wholemodule;
				SWIFT_OPTIMIZATION_LEVEL = "-O";
				VALIDATE_PRODUCT = YES;
			};
			name = Release;
		};
		9ABEA88E286B864000F9A825 /* Debug */ = {
			isa = XCBuildConfiguration;
			buildSettings = {
				ASSETCATALOG_COMPILER_APPICON_NAME = AppIcon;
				ASSETCATALOG_COMPILER_GLOBAL_ACCENT_COLOR_NAME = AccentColor;
				CODE_SIGN_STYLE = Automatic;
				CURRENT_PROJECT_VERSION = 1;
				DEVELOPMENT_TEAM = G63HLZ4K9W;
				GENERATE_INFOPLIST_FILE = YES;
				INFOPLIST_FILE = WeatherTracker/Info.plist;
				INFOPLIST_KEY_UIApplicationSupportsIndirectInputEvents = YES;
				INFOPLIST_KEY_UILaunchStoryboardName = LaunchScreen;
				INFOPLIST_KEY_UIMainStoryboardFile = Main;
				INFOPLIST_KEY_UISupportedInterfaceOrientations_iPad = "UIInterfaceOrientationPortrait UIInterfaceOrientationPortraitUpsideDown UIInterfaceOrientationLandscapeLeft UIInterfaceOrientationLandscapeRight";
				INFOPLIST_KEY_UISupportedInterfaceOrientations_iPhone = "UIInterfaceOrientationPortrait UIInterfaceOrientationLandscapeLeft UIInterfaceOrientationLandscapeRight";
				LD_RUNPATH_SEARCH_PATHS = (
					"$(inherited)",
					"@executable_path/Frameworks",
				);
				MARKETING_VERSION = 1.0;
				PRODUCT_BUNDLE_IDENTIFIER = org.blakeschool.WeatherTracker;
				PRODUCT_NAME = "$(TARGET_NAME)";
				SWIFT_EMIT_LOC_STRINGS = YES;
				SWIFT_VERSION = 5.0;
				TARGETED_DEVICE_FAMILY = "1,2";
			};
			name = Debug;
		};
		9ABEA88F286B864000F9A825 /* Release */ = {
			isa = XCBuildConfiguration;
			buildSettings = {
				ASSETCATALOG_COMPILER_APPICON_NAME = AppIcon;
				ASSETCATALOG_COMPILER_GLOBAL_ACCENT_COLOR_NAME = AccentColor;
				CODE_SIGN_STYLE = Automatic;
				CURRENT_PROJECT_VERSION = 1;
				DEVELOPMENT_TEAM = G63HLZ4K9W;
				GENERATE_INFOPLIST_FILE = YES;
				INFOPLIST_FILE = WeatherTracker/Info.plist;
				INFOPLIST_KEY_UIApplicationSupportsIndirectInputEvents = YES;
				INFOPLIST_KEY_UILaunchStoryboardName = LaunchScreen;
				INFOPLIST_KEY_UIMainStoryboardFile = Main;
				INFOPLIST_KEY_UISupportedInterfaceOrientations_iPad = "UIInterfaceOrientationPortrait UIInterfaceOrientationPortraitUpsideDown UIInterfaceOrientationLandscapeLeft UIInterfaceOrientationLandscapeRight";
				INFOPLIST_KEY_UISupportedInterfaceOrientations_iPhone = "UIInterfaceOrientationPortrait UIInterfaceOrientationLandscapeLeft UIInterfaceOrientationLandscapeRight";
				LD_RUNPATH_SEARCH_PATHS = (
					"$(inherited)",
					"@executable_path/Frameworks",
				);
				MARKETING_VERSION = 1.0;
				PRODUCT_BUNDLE_IDENTIFIER = org.blakeschool.WeatherTracker;
				PRODUCT_NAME = "$(TARGET_NAME)";
				SWIFT_EMIT_LOC_STRINGS = YES;
				SWIFT_VERSION = 5.0;
				TARGETED_DEVICE_FAMILY = "1,2";
			};
			name = Release;
		};
		9ABEA891286B864000F9A825 /* Debug */ = {
			isa = XCBuildConfiguration;
			buildSettings = {
				ALWAYS_EMBED_SWIFT_STANDARD_LIBRARIES = YES;
				BUNDLE_LOADER = "$(TEST_HOST)";
				CODE_SIGN_STYLE = Automatic;
				CURRENT_PROJECT_VERSION = 1;
				DEVELOPMENT_TEAM = G63HLZ4K9W;
				GENERATE_INFOPLIST_FILE = YES;
				IPHONEOS_DEPLOYMENT_TARGET = 15.5;
				MARKETING_VERSION = 1.0;
				PRODUCT_BUNDLE_IDENTIFIER = org.blakeschool.WeatherTrackerTests;
				PRODUCT_NAME = "$(TARGET_NAME)";
				SWIFT_EMIT_LOC_STRINGS = NO;
				SWIFT_VERSION = 5.0;
				TARGETED_DEVICE_FAMILY = "1,2";
				TEST_HOST = "$(BUILT_PRODUCTS_DIR)/WeatherTracker.app/WeatherTracker";
			};
			name = Debug;
		};
		9ABEA892286B864000F9A825 /* Release */ = {
			isa = XCBuildConfiguration;
			buildSettings = {
				ALWAYS_EMBED_SWIFT_STANDARD_LIBRARIES = YES;
				BUNDLE_LOADER = "$(TEST_HOST)";
				CODE_SIGN_STYLE = Automatic;
				CURRENT_PROJECT_VERSION = 1;
				DEVELOPMENT_TEAM = G63HLZ4K9W;
				GENERATE_INFOPLIST_FILE = YES;
				IPHONEOS_DEPLOYMENT_TARGET = 15.5;
				MARKETING_VERSION = 1.0;
				PRODUCT_BUNDLE_IDENTIFIER = org.blakeschool.WeatherTrackerTests;
				PRODUCT_NAME = "$(TARGET_NAME)";
				SWIFT_EMIT_LOC_STRINGS = NO;
				SWIFT_VERSION = 5.0;
				TARGETED_DEVICE_FAMILY = "1,2";
				TEST_HOST = "$(BUILT_PRODUCTS_DIR)/WeatherTracker.app/WeatherTracker";
			};
			name = Release;
		};
		9ABEA894286B864000F9A825 /* Debug */ = {
			isa = XCBuildConfiguration;
			buildSettings = {
				ALWAYS_EMBED_SWIFT_STANDARD_LIBRARIES = YES;
				CODE_SIGN_STYLE = Automatic;
				CURRENT_PROJECT_VERSION = 1;
				DEVELOPMENT_TEAM = G63HLZ4K9W;
				GENERATE_INFOPLIST_FILE = YES;
				MARKETING_VERSION = 1.0;
				PRODUCT_BUNDLE_IDENTIFIER = org.blakeschool.WeatherTrackerUITests;
				PRODUCT_NAME = "$(TARGET_NAME)";
				SWIFT_EMIT_LOC_STRINGS = NO;
				SWIFT_VERSION = 5.0;
				TARGETED_DEVICE_FAMILY = "1,2";
				TEST_TARGET_NAME = WeatherTracker;
			};
			name = Debug;
		};
		9ABEA895286B864000F9A825 /* Release */ = {
			isa = XCBuildConfiguration;
			buildSettings = {
				ALWAYS_EMBED_SWIFT_STANDARD_LIBRARIES = YES;
				CODE_SIGN_STYLE = Automatic;
				CURRENT_PROJECT_VERSION = 1;
				DEVELOPMENT_TEAM = G63HLZ4K9W;
				GENERATE_INFOPLIST_FILE = YES;
				MARKETING_VERSION = 1.0;
				PRODUCT_BUNDLE_IDENTIFIER = org.blakeschool.WeatherTrackerUITests;
				PRODUCT_NAME = "$(TARGET_NAME)";
				SWIFT_EMIT_LOC_STRINGS = NO;
				SWIFT_VERSION = 5.0;
				TARGETED_DEVICE_FAMILY = "1,2";
				TEST_TARGET_NAME = WeatherTracker;
			};
			name = Release;
		};
/* End XCBuildConfiguration section */

/* Begin XCConfigurationList section */
		9ABEA85E286B863D00F9A825 /* Build configuration list for PBXProject "WeatherTracker" */ = {
			isa = XCConfigurationList;
			buildConfigurations = (
				9ABEA88B286B864000F9A825 /* Debug */,
				9ABEA88C286B864000F9A825 /* Release */,
			);
			defaultConfigurationIsVisible = 0;
			defaultConfigurationName = Release;
		};
		9ABEA88D286B864000F9A825 /* Build configuration list for PBXNativeTarget "WeatherTracker" */ = {
			isa = XCConfigurationList;
			buildConfigurations = (
				9ABEA88E286B864000F9A825 /* Debug */,
				9ABEA88F286B864000F9A825 /* Release */,
			);
			defaultConfigurationIsVisible = 0;
			defaultConfigurationName = Release;
		};
		9ABEA890286B864000F9A825 /* Build configuration list for PBXNativeTarget "WeatherTrackerTests" */ = {
			isa = XCConfigurationList;
			buildConfigurations = (
				9ABEA891286B864000F9A825 /* Debug */,
				9ABEA892286B864000F9A825 /* Release */,
			);
			defaultConfigurationIsVisible = 0;
			defaultConfigurationName = Release;
		};
		9ABEA893286B864000F9A825 /* Build configuration list for PBXNativeTarget "WeatherTrackerUITests" */ = {
			isa = XCConfigurationList;
			buildConfigurations = (
				9ABEA894286B864000F9A825 /* Debug */,
				9ABEA895286B864000F9A825 /* Release */,
			);
			defaultConfigurationIsVisible = 0;
			defaultConfigurationName = Release;
		};
/* End XCConfigurationList section */
	};
	rootObject = 9ABEA85B286B863D00F9A825 /* Project object */;
}
